
Microsoft Visual Studio Solution File, Format Version 12.00
# Visual Studio 14
VisualStudioVersion = 14.0.25420.1
MinimumVisualStudioVersion = 10.0.40219.1
Project("{FAE04EC0-301F-11D3-BF4B-00C04F79EFBC}") = "CalculationService", "CalculationService.csproj", "{86DA1E55-9446-41F9-ABF3-3A9989F23B23}"
EndProject
Project("{FAE04EC0-301F-11D3-BF4B-00C04F79EFBC}") = "ConsoleCalculator", "..\CalculatorClient\ConsoleCalculator.csproj", "{4CB34E81-57BB-482A-B212-DE7C470FABBB}"
	ProjectSection(ProjectDependencies) = postProject
		{86DA1E55-9446-41F9-ABF3-3A9989F23B23} = {86DA1E55-9446-41F9-ABF3-3A9989F23B23}
	EndProjectSection
EndProject
Global
	GlobalSection(SolutionConfigurationPlatforms) = preSolution
		Debug|Any CPU = Debug|Any CPU
		Release|Any CPU = Release|Any CPU
	EndGlobalSection
	GlobalSection(ProjectConfigurationPlatforms) = postSolution
		{86DA1E55-9446-41F9-ABF3-3A9989F23B23}.Debug|Any CPU.ActiveCfg = Debug|Any CPU
		{86DA1E55-9446-41F9-ABF3-3A9989F23B23}.Debug|Any CPU.Build.0 = Debug|Any CPU
		{86DA1E55-9446-41F9-ABF3-3A9989F23B23}.Release|Any CPU.ActiveCfg = Release|Any CPU
		{86DA1E55-9446-41F9-ABF3-3A9989F23B23}.Release|Any CPU.Build.0 = Release|Any CPU
		{4CB34E81-57BB-482A-B212-DE7C470FABBB}.Debug|Any CPU.ActiveCfg = Debug|Any CPU
		{4CB34E81-57BB-482A-B212-DE7C470FABBB}.Debug|Any CPU.Build.0 = Debug|Any CPU
		{4CB34E81-57BB-482A-B212-DE7C470FABBB}.Release|Any CPU.ActiveCfg = Release|Any CPU
		{4CB34E81-57BB-482A-B212-DE7C470FABBB}.Release|Any CPU.Build.0 = Release|Any CPU
	EndGlobalSection
	GlobalSection(SolutionProperties) = preSolution
		HideSolutionNode = FALSE
	EndGlobalSection
EndGlobal
